Microsoft Visual Studio Solution File, Format Version 12.00
# 
Project("{2150E333-8FDC-42A3-9474-1A3956D46DE8}") = "Solution Items", "Solution Items", "{B283EBC2-E01F-412D-9339-FD56EF114549}"
	ProjectSection(SolutionItems) = preProject
		Packages\Versions.props = Packages\Versions.props
		Packages\Versions.Local.json = Packages\Versions.Local.json
		Packages\Versions.Local.props = Packages\Versions.Local.props
		Packages\Packages.pkgs = Packages\Packages.pkgs
		Packages\Packages\AnyOf.pkgs = Packages\Packages\AnyOf.pkgs
		Packages\Packages\APIVersioning.pkgs = Packages\Packages\APIVersioning.pkgs
		Packages\Packages\AutoMapper.pkgs = Packages\Packages\AutoMapper.pkgs
		Packages\Packages\Azure.pkgs = Packages\Packages\Azure.pkgs
		Packages\Packages\AzureFunctions.pkgs = Packages\Packages\AzureFunctions.pkgs
		Packages\Packages\DDD.pkgs = Packages\Packages\DDD.pkgs
		Packages\Packages\EFCore.pkgs = Packages\Packages\EFCore.pkgs
		Packages\Packages\GlobalBuild.pkgs = Packages\Packages\GlobalBuild.pkgs
		Packages\Packages\GlobalCodeGenerators.pkgs = Packages\Packages\GlobalCodeGenerators.pkgs
		Packages\Packages\Images.pkgs = Packages\Packages\Images.pkgs
		Packages\Packages\McMaster.CommandLineUtils.pkgs = Packages\Packages\McMaster.CommandLineUtils.pkgs
		Packages\Packages\MediatR.pkgs = Packages\Packages\MediatR.pkgs
		Packages\Packages\Microsoft.AspNetCore.pkgs = Packages\Packages\Microsoft.AspNetCore.pkgs
		Packages\Packages\Microsoft.Extensions.pkgs = Packages\Packages\Microsoft.Extensions.pkgs
		Packages\Packages\Microsoft.Identity.pkgs = Packages\Packages\Microsoft.Identity.pkgs
		Packages\Packages\Microsoft.VisualStudio.Shell.Interop.pkgs = Packages\Packages\Microsoft.VisualStudio.Shell.Interop.pkgs
		Packages\Packages\Miscellany.pkgs = Packages\Packages\Miscellany.pkgs
		Packages\Packages\MSBuild.pkgs = Packages\Packages\MSBuild.pkgs
		Packages\Packages\MSBuildProjectCreator.pkgs = Packages\Packages\MSBuildProjectCreator.pkgs
		Packages\Packages\MSBuildSdks.pkgs = Packages\Packages\MSBuildSdks.pkgs
		Packages\Packages\Newtonsoft.Json.pkgs = Packages\Packages\Newtonsoft.Json.pkgs
		Packages\Packages\NuGet.pkgs = Packages\Packages\NuGet.pkgs
		Packages\Packages\Powershell.pkgs = Packages\Packages\Powershell.pkgs
		Packages\Packages\Roslyn.pkgs = Packages\Packages\Roslyn.pkgs
		Packages\Packages\Serilog.pkgs = Packages\Packages\Serilog.pkgs
		Packages\Packages\SlnGen.pkgs = Packages\Packages\SlnGen.pkgs
		Packages\Packages\Swashbuckle.pkgs = Packages\Packages\Swashbuckle.pkgs
		Packages\Packages\System.pkgs = Packages\Packages\System.pkgs
		Packages\Packages\Telegram.pkgs = Packages\Packages\Telegram.pkgs
		Packages\Packages\Testing.EfCore.pkgs = Packages\Packages\Testing.EfCore.pkgs
		Packages\Packages\Testing.pkgs = Packages\Packages\Testing.pkgs
		Packages\Packages\Validation.pkgs = Packages\Packages\Validation.pkgs
		Packages\Packages\XmlDocMd.pkgs = Packages\Packages\XmlDocMd.pkgs
		Packages\Versions\AspNetCoreIdentity.props = Packages\Versions\AspNetCoreIdentity.props
		Packages\Versions\AutoMapper.props = Packages\Versions\AutoMapper.props
		Packages\Versions\CoreIntegratedLibs.props = Packages\Versions\CoreIntegratedLibs.props
		Packages\Versions\EFCore.props = Packages\Versions\EFCore.props
		Packages\Versions\JsonPatch.props = Packages\Versions\JsonPatch.props
		Packages\Versions\MediatR.props = Packages\Versions\MediatR.props
		Packages\Versions\Microsoft.CodeAnalysis.props = Packages\Versions\Microsoft.CodeAnalysis.props
		Packages\Versions\Microsoft.Extensions.Logging.props = Packages\Versions\Microsoft.Extensions.Logging.props
		Packages\Versions\MSBuild.props = Packages\Versions\MSBuild.props
		Packages\Versions\PowerShell.props = Packages\Versions\PowerShell.props
	EndProjectSection
EndProject
Project("{2150E333-8FDC-42A3-9474-1A3956D46DE8}") = "src", "src", "{DDC81146-DC76-40DC-9D82-3EB305E63E7E}"
EndProject
Project("{FAE04EC0-301F-11D3-BF4B-00C04F79EFBC}") = "Dgmjr.CodeGeneration", "src\CodeGeneration\Dgmjr.CodeGeneration.csproj", "{EE3694CC-EC84-4BCC-A3E6-B5FA551AED1F}"
EndProject
Project("{FAE04EC0-301F-11D3-BF4B-00C04F79EFBC}") = "MediatR", "src\MediatR\MediatR.csproj", "{4175E479-254C-458F-A3BB-97F367286C74}"
EndProject
Project("{FAE04EC0-301F-11D3-BF4B-00C04F79EFBC}") = "MiniApps", "src\MiniApps\MiniApps.csproj", "{EC35AEA7-CCC5-4DC0-8282-F7E4644FC7F5}"
EndProject
Project("{FAE04EC0-301F-11D3-BF4B-00C04F79EFBC}") = "MSBuildSdks", "src\MSBuildSdks\MSBuildSdks.csproj", "{519A640D-93D7-4538-B23B-9412670309F7}"
EndProject
Project("{FAE04EC0-301F-11D3-BF4B-00C04F79EFBC}") = "MSBuildTools", "src\MSBuildTools\MSBuildTools.csproj", "{8BE65488-BF32-4147-88D7-419F9152EBA3}"
EndProject
Project("{FAE04EC0-301F-11D3-BF4B-00C04F79EFBC}") = "Dgmjr.Identity.All", "src\Identity\Dgmjr.Identity.All.csproj", "{F14C7472-DA2D-4EE1-A60A-FCBCCEF91143}"
EndProject
Project("{FAE04EC0-301F-11D3-BF4B-00C04F79EFBC}") = "Dgmjr.AspNetCore.Sln", "src\AspNetCore\Dgmjr.AspNetCore.Sln.csproj", "{A9FA2DA3-7649-44AD-8EEF-2D17659FF7B1}"
EndProject
Project("{FAE04EC0-301F-11D3-BF4B-00C04F79EFBC}") = "Dgmjr.EntityFrameworkCore.Sln", "src\EntityFrameworkCore\Dgmjr.EntityFrameworkCore.Sln.csproj", "{3044A404-9662-4075-80EE-183A9FE363E4}"
EndProject
Global
	GlobalSection(SolutionConfigurationPlatforms) = preSolution
		Debug|Any CPU = Debug|Any CPU
		Debug|x64 = Debug|x64
		Debug|x86 = Debug|x86
		Release|Any CPU = Release|Any CPU
		Release|x64 = Release|x64
		Release|x86 = Release|x86
	EndGlobalSection
	GlobalSection(ProjectConfigurationPlatforms) = postSolution
		{EE3694CC-EC84-4BCC-A3E6-B5FA551AED1F}.Debug|Any CPU.ActiveCfg = Debug|Any CPU
		{EE3694CC-EC84-4BCC-A3E6-B5FA551AED1F}.Debug|Any CPU.Build.0 = Debug|Any CPU
		{EE3694CC-EC84-4BCC-A3E6-B5FA551AED1F}.Debug|x64.ActiveCfg = Debug|Any CPU
		{EE3694CC-EC84-4BCC-A3E6-B5FA551AED1F}.Debug|x64.Build.0 = Debug|Any CPU
		{EE3694CC-EC84-4BCC-A3E6-B5FA551AED1F}.Debug|x86.ActiveCfg = Debug|Any CPU
		{EE3694CC-EC84-4BCC-A3E6-B5FA551AED1F}.Debug|x86.Build.0 = Debug|Any CPU
		{EE3694CC-EC84-4BCC-A3E6-B5FA551AED1F}.Release|Any CPU.ActiveCfg = Release|Any CPU
		{EE3694CC-EC84-4BCC-A3E6-B5FA551AED1F}.Release|Any CPU.Build.0 = Release|Any CPU
		{EE3694CC-EC84-4BCC-A3E6-B5FA551AED1F}.Release|x64.ActiveCfg = Release|Any CPU
		{EE3694CC-EC84-4BCC-A3E6-B5FA551AED1F}.Release|x64.Build.0 = Release|Any CPU
		{EE3694CC-EC84-4BCC-A3E6-B5FA551AED1F}.Release|x86.ActiveCfg = Release|Any CPU
		{EE3694CC-EC84-4BCC-A3E6-B5FA551AED1F}.Release|x86.Build.0 = Release|Any CPU
		{4175E479-254C-458F-A3BB-97F367286C74}.Debug|Any CPU.ActiveCfg = Debug|Any CPU
		{4175E479-254C-458F-A3BB-97F367286C74}.Debug|Any CPU.Build.0 = Debug|Any CPU
		{4175E479-254C-458F-A3BB-97F367286C74}.Debug|x64.ActiveCfg = Debug|Any CPU
		{4175E479-254C-458F-A3BB-97F367286C74}.Debug|x64.Build.0 = Debug|Any CPU
		{4175E479-254C-458F-A3BB-97F367286C74}.Debug|x86.ActiveCfg = Debug|Any CPU
		{4175E479-254C-458F-A3BB-97F367286C74}.Debug|x86.Build.0 = Debug|Any CPU
		{4175E479-254C-458F-A3BB-97F367286C74}.Release|Any CPU.ActiveCfg = Release|Any CPU
		{4175E479-254C-458F-A3BB-97F367286C74}.Release|Any CPU.Build.0 = Release|Any CPU
		{4175E479-254C-458F-A3BB-97F367286C74}.Release|x64.ActiveCfg = Release|Any CPU
		{4175E479-254C-458F-A3BB-97F367286C74}.Release|x64.Build.0 = Release|Any CPU
		{4175E479-254C-458F-A3BB-97F367286C74}.Release|x86.ActiveCfg = Release|Any CPU
		{4175E479-254C-458F-A3BB-97F367286C74}.Release|x86.Build.0 = Release|Any CPU
		{EC35AEA7-CCC5-4DC0-8282-F7E4644FC7F5}.Debug|Any CPU.ActiveCfg = Debug|Any CPU
		{EC35AEA7-CCC5-4DC0-8282-F7E4644FC7F5}.Debug|Any CPU.Build.0 = Debug|Any CPU
		{EC35AEA7-CCC5-4DC0-8282-F7E4644FC7F5}.Debug|x64.ActiveCfg = Debug|Any CPU
		{EC35AEA7-CCC5-4DC0-8282-F7E4644FC7F5}.Debug|x64.Build.0 = Debug|Any CPU
		{EC35AEA7-CCC5-4DC0-8282-F7E4644FC7F5}.Debug|x86.ActiveCfg = Debug|Any CPU
		{EC35AEA7-CCC5-4DC0-8282-F7E4644FC7F5}.Debug|x86.Build.0 = Debug|Any CPU
		{EC35AEA7-CCC5-4DC0-8282-F7E4644FC7F5}.Release|Any CPU.ActiveCfg = Release|Any CPU
		{EC35AEA7-CCC5-4DC0-8282-F7E4644FC7F5}.Release|Any CPU.Build.0 = Release|Any CPU
		{EC35AEA7-CCC5-4DC0-8282-F7E4644FC7F5}.Release|x64.ActiveCfg = Release|Any CPU
		{EC35AEA7-CCC5-4DC0-8282-F7E4644FC7F5}.Release|x64.Build.0 = Release|Any CPU
		{EC35AEA7-CCC5-4DC0-8282-F7E4644FC7F5}.Release|x86.ActiveCfg = Release|Any CPU
		{EC35AEA7-CCC5-4DC0-8282-F7E4644FC7F5}.Release|x86.Build.0 = Release|Any CPU
		{519A640D-93D7-4538-B23B-9412670309F7}.Debug|Any CPU.ActiveCfg = Debug|Any CPU
		{519A640D-93D7-4538-B23B-9412670309F7}.Debug|Any CPU.Build.0 = Debug|Any CPU
		{519A640D-93D7-4538-B23B-9412670309F7}.Debug|x64.ActiveCfg = Debug|Any CPU
		{519A640D-93D7-4538-B23B-9412670309F7}.Debug|x64.Build.0 = Debug|Any CPU
		{519A640D-93D7-4538-B23B-9412670309F7}.Debug|x86.ActiveCfg = Debug|Any CPU
		{519A640D-93D7-4538-B23B-9412670309F7}.Debug|x86.Build.0 = Debug|Any CPU
		{519A640D-93D7-4538-B23B-9412670309F7}.Release|Any CPU.ActiveCfg = Release|Any CPU
		{519A640D-93D7-4538-B23B-9412670309F7}.Release|Any CPU.Build.0 = Release|Any CPU
		{519A640D-93D7-4538-B23B-9412670309F7}.Release|x64.ActiveCfg = Release|Any CPU
		{519A640D-93D7-4538-B23B-9412670309F7}.Release|x64.Build.0 = Release|Any CPU
		{519A640D-93D7-4538-B23B-9412670309F7}.Release|x86.ActiveCfg = Release|Any CPU
		{519A640D-93D7-4538-B23B-9412670309F7}.Release|x86.Build.0 = Release|Any CPU
		{8BE65488-BF32-4147-88D7-419F9152EBA3}.Debug|Any CPU.ActiveCfg = Debug|Any CPU
		{8BE65488-BF32-4147-88D7-419F9152EBA3}.Debug|Any CPU.Build.0 = Debug|Any CPU
		{8BE65488-BF32-4147-88D7-419F9152EBA3}.Debug|x64.ActiveCfg = Debug|Any CPU
		{8BE65488-BF32-4147-88D7-419F9152EBA3}.Debug|x64.Build.0 = Debug|Any CPU
		{8BE65488-BF32-4147-88D7-419F9152EBA3}.Debug|x86.ActiveCfg = Debug|Any CPU
		{8BE65488-BF32-4147-88D7-419F9152EBA3}.Debug|x86.Build.0 = Debug|Any CPU
		{8BE65488-BF32-4147-88D7-419F9152EBA3}.Release|Any CPU.ActiveCfg = Release|Any CPU
		{8BE65488-BF32-4147-88D7-419F9152EBA3}.Release|Any CPU.Build.0 = Release|Any CPU
		{8BE65488-BF32-4147-88D7-419F9152EBA3}.Release|x64.ActiveCfg = Release|Any CPU
		{8BE65488-BF32-4147-88D7-419F9152EBA3}.Release|x64.Build.0 = Release|Any CPU
		{8BE65488-BF32-4147-88D7-419F9152EBA3}.Release|x86.ActiveCfg = Release|Any CPU
		{8BE65488-BF32-4147-88D7-419F9152EBA3}.Release|x86.Build.0 = Release|Any CPU
		{F14C7472-DA2D-4EE1-A60A-FCBCCEF91143}.Debug|Any CPU.ActiveCfg = Debug|Any CPU
		{F14C7472-DA2D-4EE1-A60A-FCBCCEF91143}.Debug|Any CPU.Build.0 = Debug|Any CPU
		{F14C7472-DA2D-4EE1-A60A-FCBCCEF91143}.Debug|x64.ActiveCfg = Debug|Any CPU
		{F14C7472-DA2D-4EE1-A60A-FCBCCEF91143}.Debug|x64.Build.0 = Debug|Any CPU
		{F14C7472-DA2D-4EE1-A60A-FCBCCEF91143}.Debug|x86.ActiveCfg = Debug|Any CPU
		{F14C7472-DA2D-4EE1-A60A-FCBCCEF91143}.Debug|x86.Build.0 = Debug|Any CPU
		{F14C7472-DA2D-4EE1-A60A-FCBCCEF91143}.Release|Any CPU.ActiveCfg = Release|Any CPU
		{F14C7472-DA2D-4EE1-A60A-FCBCCEF91143}.Release|Any CPU.Build.0 = Release|Any CPU
		{F14C7472-DA2D-4EE1-A60A-FCBCCEF91143}.Release|x64.ActiveCfg = Release|Any CPU
		{F14C7472-DA2D-4EE1-A60A-FCBCCEF91143}.Release|x64.Build.0 = Release|Any CPU
		{F14C7472-DA2D-4EE1-A60A-FCBCCEF91143}.Release|x86.ActiveCfg = Release|Any CPU
		{F14C7472-DA2D-4EE1-A60A-FCBCCEF91143}.Release|x86.Build.0 = Release|Any CPU
		{A9FA2DA3-7649-44AD-8EEF-2D17659FF7B1}.Debug|Any CPU.ActiveCfg = Debug|Any CPU
		{A9FA2DA3-7649-44AD-8EEF-2D17659FF7B1}.Debug|Any CPU.Build.0 = Debug|Any CPU
		{A9FA2DA3-7649-44AD-8EEF-2D17659FF7B1}.Debug|x64.ActiveCfg = Debug|Any CPU
		{A9FA2DA3-7649-44AD-8EEF-2D17659FF7B1}.Debug|x64.Build.0 = Debug|Any CPU
		{A9FA2DA3-7649-44AD-8EEF-2D17659FF7B1}.Debug|x86.ActiveCfg = Debug|Any CPU
		{A9FA2DA3-7649-44AD-8EEF-2D17659FF7B1}.Debug|x86.Build.0 = Debug|Any CPU
		{A9FA2DA3-7649-44AD-8EEF-2D17659FF7B1}.Release|Any CPU.ActiveCfg = Release|Any CPU
		{A9FA2DA3-7649-44AD-8EEF-2D17659FF7B1}.Release|Any CPU.Build.0 = Release|Any CPU
		{A9FA2DA3-7649-44AD-8EEF-2D17659FF7B1}.Release|x64.ActiveCfg = Release|Any CPU
		{A9FA2DA3-7649-44AD-8EEF-2D17659FF7B1}.Release|x64.Build.0 = Release|Any CPU
		{A9FA2DA3-7649-44AD-8EEF-2D17659FF7B1}.Release|x86.ActiveCfg = Release|Any CPU
		{A9FA2DA3-7649-44AD-8EEF-2D17659FF7B1}.Release|x86.Build.0 = Release|Any CPU
		{3044A404-9662-4075-80EE-183A9FE363E4}.Debug|Any CPU.ActiveCfg = Debug|Any CPU
		{3044A404-9662-4075-80EE-183A9FE363E4}.Debug|Any CPU.Build.0 = Debug|Any CPU
		{3044A404-9662-4075-80EE-183A9FE363E4}.Debug|x64.ActiveCfg = Debug|Any CPU
		{3044A404-9662-4075-80EE-183A9FE363E4}.Debug|x64.Build.0 = Debug|Any CPU
		{3044A404-9662-4075-80EE-183A9FE363E4}.Debug|x86.ActiveCfg = Debug|Any CPU
		{3044A404-9662-4075-80EE-183A9FE363E4}.Debug|x86.Build.0 = Debug|Any CPU
		{3044A404-9662-4075-80EE-183A9FE363E4}.Release|Any CPU.ActiveCfg = Release|Any CPU
		{3044A404-9662-4075-80EE-183A9FE363E4}.Release|Any CPU.Build.0 = Release|Any CPU
		{3044A404-9662-4075-80EE-183A9FE363E4}.Release|x64.ActiveCfg = Release|Any CPU
		{3044A404-9662-4075-80EE-183A9FE363E4}.Release|x64.Build.0 = Release|Any CPU
		{3044A404-9662-4075-80EE-183A9FE363E4}.Release|x86.ActiveCfg = Release|Any CPU
		{3044A404-9662-4075-80EE-183A9FE363E4}.Release|x86.Build.0 = Release|Any CPU
	EndGlobalSection
	GlobalSection(SolutionProperties) = preSolution
		HideSolutionNode = FALSE
	EndGlobalSection
	GlobalSection(ExtensibilityGlobals) = postSolution
		SolutionGuid = {3FFC2578-137D-4678-852A-AD3B445CCB0D}
	EndGlobalSection
	GlobalSection(NestedProjects) = preSolution
		{EE3694CC-EC84-4BCC-A3E6-B5FA551AED1F} = {DDC81146-DC76-40DC-9D82-3EB305E63E7E}
		{4175E479-254C-458F-A3BB-97F367286C74} = {DDC81146-DC76-40DC-9D82-3EB305E63E7E}
		{EC35AEA7-CCC5-4DC0-8282-F7E4644FC7F5} = {DDC81146-DC76-40DC-9D82-3EB305E63E7E}
		{519A640D-93D7-4538-B23B-9412670309F7} = {DDC81146-DC76-40DC-9D82-3EB305E63E7E}
		{8BE65488-BF32-4147-88D7-419F9152EBA3} = {DDC81146-DC76-40DC-9D82-3EB305E63E7E}
		{F14C7472-DA2D-4EE1-A60A-FCBCCEF91143} = {DDC81146-DC76-40DC-9D82-3EB305E63E7E}
		{A9FA2DA3-7649-44AD-8EEF-2D17659FF7B1} = {DDC81146-DC76-40DC-9D82-3EB305E63E7E}
		{3044A404-9662-4075-80EE-183A9FE363E4} = {DDC81146-DC76-40DC-9D82-3EB305E63E7E}
	EndGlobalSection
EndGlobal
