Microsoft Visual Studio Solution File, Format Version 12.00
# 
VisualStudioVersion = 17.5.002.0
MinimumVisualStudioVersion = 
Project("{2150E333-8FDC-42A3-9474-1A3956D46DE8}") = "Solution Items", "Solution Items", "{B283EBC2-E01F-412D-9339-FD56EF114549}"
	ProjectSection(SolutionItems) = preProject
		Packages\Versions.props = Packages\Versions.props
		Packages\Versions.Local.json = Packages\Versions.Local.json
		Packages\Versions.Local.props = Packages\Versions.Local.props
		Packages\Packages.pkgs = Packages\Packages.pkgs
		Packages\Packages\AnyOf.pkgs = Packages\Packages\AnyOf.pkgs
		Packages\Packages\APIVersioning.pkgs = Packages\Packages\APIVersioning.pkgs
		Packages\Packages\AutoMapper.pkgs = Packages\Packages\AutoMapper.pkgs
		Packages\Packages\Azure.pkgs = Packages\Packages\Azure.pkgs
		Packages\Packages\AzureFunctions.pkgs = Packages\Packages\AzureFunctions.pkgs
		Packages\Packages\DDD.pkgs = Packages\Packages\DDD.pkgs
		Packages\Packages\EFCore.pkgs = Packages\Packages\EFCore.pkgs
		Packages\Packages\GlobalBuild.pkgs = Packages\Packages\GlobalBuild.pkgs
		Packages\Packages\GlobalCodeGenerators.pkgs = Packages\Packages\GlobalCodeGenerators.pkgs
		Packages\Packages\Images.pkgs = Packages\Packages\Images.pkgs
		Packages\Packages\McMaster.CommandLineUtils.pkgs = Packages\Packages\McMaster.CommandLineUtils.pkgs
		Packages\Packages\MediatR.pkgs = Packages\Packages\MediatR.pkgs
		Packages\Packages\Microsoft.AspNetCore.pkgs = Packages\Packages\Microsoft.AspNetCore.pkgs
		Packages\Packages\Microsoft.Extensions.pkgs = Packages\Packages\Microsoft.Extensions.pkgs
		Packages\Packages\Microsoft.Identity.pkgs = Packages\Packages\Microsoft.Identity.pkgs
		Packages\Packages\Microsoft.VisualStudio.Shell.Interop.pkgs = Packages\Packages\Microsoft.VisualStudio.Shell.Interop.pkgs
		Packages\Packages\Miscellany.pkgs = Packages\Packages\Miscellany.pkgs
		Packages\Packages\MSBuild.pkgs = Packages\Packages\MSBuild.pkgs
		Packages\Packages\MSBuildProjectCreator.pkgs = Packages\Packages\MSBuildProjectCreator.pkgs
		Packages\Packages\MSBuildSdks.pkgs = Packages\Packages\MSBuildSdks.pkgs
		Packages\Packages\Newtonsoft.Json.pkgs = Packages\Packages\Newtonsoft.Json.pkgs
		Packages\Packages\NuGet.pkgs = Packages\Packages\NuGet.pkgs
		Packages\Packages\Powershell.pkgs = Packages\Packages\Powershell.pkgs
		Packages\Packages\Roslyn.pkgs = Packages\Packages\Roslyn.pkgs
		Packages\Packages\Serilog.pkgs = Packages\Packages\Serilog.pkgs
		Packages\Packages\SlnGen.pkgs = Packages\Packages\SlnGen.pkgs
		Packages\Packages\Swashbuckle.pkgs = Packages\Packages\Swashbuckle.pkgs
		Packages\Packages\System.pkgs = Packages\Packages\System.pkgs
		Packages\Packages\Telegram.pkgs = Packages\Packages\Telegram.pkgs
		Packages\Packages\Testing.EfCore.pkgs = Packages\Packages\Testing.EfCore.pkgs
		Packages\Packages\Testing.pkgs = Packages\Packages\Testing.pkgs
		Packages\Packages\Validation.pkgs = Packages\Packages\Validation.pkgs
		Packages\Packages\XmlDocMd.pkgs = Packages\Packages\XmlDocMd.pkgs
		Packages\Versions\AspNetCoreIdentity.props = Packages\Versions\AspNetCoreIdentity.props
		Packages\Versions\AutoMapper.props = Packages\Versions\AutoMapper.props
		Packages\Versions\CoreIntegratedLibs.props = Packages\Versions\CoreIntegratedLibs.props
		Packages\Versions\EFCore.props = Packages\Versions\EFCore.props
		Packages\Versions\JsonPatch.props = Packages\Versions\JsonPatch.props
		Packages\Versions\MediatR.props = Packages\Versions\MediatR.props
		Packages\Versions\Microsoft.CodeAnalysis.props = Packages\Versions\Microsoft.CodeAnalysis.props
		Packages\Versions\Microsoft.Extensions.Logging.props = Packages\Versions\Microsoft.Extensions.Logging.props
		Packages\Versions\MSBuild.props = Packages\Versions\MSBuild.props
		Packages\Versions\PowerShell.props = Packages\Versions\PowerShell.props
	EndProjectSection
EndProject
Project("{2150E333-8FDC-42A3-9474-1A3956D46DE8}") = "src", "src", "{DDC81146-DC76-40DC-9D82-3EB305E63E7E}"
EndProject
Project("{FAE04EC0-301F-11D3-BF4B-00C04F79EFBC}") = "Dgmjr.CodeGeneration", "src\CodeGeneration\Dgmjr.CodeGeneration.csproj", "{EE3694CC-EC84-4BCC-A3E6-B5FA551AED1F}"
EndProject
Project("{FAE04EC0-301F-11D3-BF4B-00C04F79EFBC}") = "MiniApps", "src\MiniApps\MiniApps.csproj", "{EC35AEA7-CCC5-4DC0-8282-F7E4644FC7F5}"
EndProject
Project("{FAE04EC0-301F-11D3-BF4B-00C04F79EFBC}") = "MSBuildSdks", "src\MSBuildSdks\MSBuildSdks.csproj", "{519A640D-93D7-4538-B23B-9412670309F7}"
EndProject
Project("{FAE04EC0-301F-11D3-BF4B-00C04F79EFBC}") = "MSBuildTools", "src\MSBuildTools\MSBuildTools.csproj", "{8BE65488-BF32-4147-88D7-419F9152EBA3}"
EndProject
Project("{FAE04EC0-301F-11D3-BF4B-00C04F79EFBC}") = "Dgmjr.Identity.All", "src\Identity\Dgmjr.Identity.All.csproj", "{F14C7472-DA2D-4EE1-A60A-FCBCCEF91143}"
EndProject
Project("{FAE04EC0-301F-11D3-BF4B-00C04F79EFBC}") = "Dgmjr.EntityFrameworkCore.Sln", "src\EntityFrameworkCore\Dgmjr.EntityFrameworkCore.Sln.csproj", "{3044A404-9662-4075-80EE-183A9FE363E4}"
EndProject
Project("{FAE04EC0-301F-11D3-BF4B-00C04F79EFBC}") = "Dgmjr.Types", "src\Types\Dgmjr.Types.csproj", "{D62A7AC9-43AB-4FC5-A1A0-D9549ED6D519}"
EndProject
Project("{2150E333-8FDC-42A3-9474-1A3956D46DE8}") = "AspNetCore", "AspNetCore", "{2CFB0A2B-23CF-4279-938E-834827054EC4}"
EndProject
Project("{FAE04EC0-301F-11D3-BF4B-00C04F79EFBC}") = "Dgmjr.AspNetCore.Sln", "src\AspNetCore\Dgmjr.AspNetCore.Sln.csproj", "{39115547-8713-40A0-94F8-9C3EFE96AB43}"
EndProject
Project("{2150E333-8FDC-42A3-9474-1A3956D46DE8}") = "src", "src", "{2EFE8567-2E7D-4723-A742-92132C4D736F}"
EndProject
Project("{FAE04EC0-301F-11D3-BF4B-00C04F79EFBC}") = "Dgmjr.AspNetCore.Communication", "src\AspNetCore\src\Communication\Dgmjr.AspNetCore.Communication.csproj", "{51C5CBB0-5DAD-49F9-A020-60179F804612}"
EndProject
Project("{FAE04EC0-301F-11D3-BF4B-00C04F79EFBC}") = "Dgmjr.AspNetCore.Startup", "src\AspNetCore\src\Startup\Dgmjr.AspNetCore.Startup.csproj", "{8A342C90-2CAE-4799-90E6-B9048D1D47A7}"
EndProject
Project("{FAE04EC0-301F-11D3-BF4B-00C04F79EFBC}") = "Dgmjr.Mime", "src\AspNetCore\src\Http\Mime\Dgmjr.Mime.csproj", "{073061AA-213A-40E5-83F2-67398A6F0C40}"
EndProject
Project("{FAE04EC0-301F-11D3-BF4B-00C04F79EFBC}") = "Dgmjr.Http.Extensions", "src\AspNetCore\src\Http\Extensions\Dgmjr.Http.Extensions.csproj", "{F52D8A04-CD74-4A5D-900F-9DF28DCCE542}"
EndProject
Project("{FAE04EC0-301F-11D3-BF4B-00C04F79EFBC}") = "Dgmjr.Http.Headers", "src\AspNetCore\src\Http\Headers\Dgmjr.Http.Headers.csproj", "{16240528-149C-4365-9CA7-05CD6A8F8BF6}"
EndProject
Project("{FAE04EC0-301F-11D3-BF4B-00C04F79EFBC}") = "Dgmjr.Application.Configuration", "src\AspNetCore\src\Configuration\Dgmjr.Application.Configuration.csproj", "{CBAF00CB-74A8-4E7A-B1A8-609E8635E845}"
EndProject
Project("{FAE04EC0-301F-11D3-BF4B-00C04F79EFBC}") = "Dgmjr.AspNetCore.Controllers", "src\AspNetCore\src\Controllers\Dgmjr.AspNetCore.Controllers.csproj", "{36630560-314B-44BA-A7F5-6AF762C2FEE5}"
EndProject
Project("{FAE04EC0-301F-11D3-BF4B-00C04F79EFBC}") = "Dgmjr.AspNetCore.Formatters", "src\AspNetCore\src\Formatters\Dgmjr.AspNetCore.Formatters.csproj", "{D1914EAD-84DC-42DE-A27B-ACA609BCCB13}"
EndProject
Project("{2150E333-8FDC-42A3-9474-1A3956D46DE8}") = "MediatR", "MediatR", "{CED62EAE-87F9-4D50-A3C9-B10ED59F9B52}"
EndProject
Project("{FAE04EC0-301F-11D3-BF4B-00C04F79EFBC}") = "Dgmjr.MediatR.Queries.Abstractions", "src\MediatR\src\Queries.Abstractions\Dgmjr.MediatR.Queries.Abstractions.csproj", "{D056F190-12C7-493D-A868-442E80F0089C}"
EndProject
Project("{FAE04EC0-301F-11D3-BF4B-00C04F79EFBC}") = "Dgmjr.MediatR.Notifications.Abstractions", "src\MediatR\src\Notifications.Abstractions\Dgmjr.MediatR.Notifications.Abstractions.csproj", "{5B7D86A0-6A05-4770-9C2A-E9833F049757}"
EndProject
Project("{FAE04EC0-301F-11D3-BF4B-00C04F79EFBC}") = "Dgmjr.MediatR", "src\MediatR\Dgmjr.MediatR.csproj", "{74F57AB1-5BA2-4638-BA26-C7AB0299F866}"
EndProject
Project("{FAE04EC0-301F-11D3-BF4B-00C04F79EFBC}") = "Dgmjr.MediatR.Handlers.Abstractions", "src\MediatR\src\Handlers.Abstractions\Dgmjr.MediatR.Handlers.Abstractions.csproj", "{7F6805D7-4886-41A7-833B-E60007DC6F40}"
EndProject
Project("{FAE04EC0-301F-11D3-BF4B-00C04F79EFBC}") = "Dgmjr.MediatR.Commands", "src\MediatR\src\Commands\Dgmjr.MediatR.Commands.csproj", "{D582B19E-ADDC-474F-A404-65843BDB621A}"
EndProject
Project("{FAE04EC0-301F-11D3-BF4B-00C04F79EFBC}") = "Dgmjr.MediatR.Commands.Abstractions", "src\MediatR\src\Commands.Abstractions\Dgmjr.MediatR.Commands.Abstractions.csproj", "{F9B5DB23-449E-402C-9B80-6C028CA8B073}"
EndProject
Project("{FAE04EC0-301F-11D3-BF4B-00C04F79EFBC}") = "Dgmjr.MediatR.Abstractions", "src\MediatR\src\Abstractions\Dgmjr.MediatR.Abstractions.csproj", "{237CAA46-2CA4-4527-88CA-C0CC8C047CA9}"
EndProject
Project("{FAE04EC0-301F-11D3-BF4B-00C04F79EFBC}") = "Dgmjr.MediatR.Handlers", "src\MediatR\src\Handlers\Dgmjr.MediatR.Handlers.csproj", "{7600402B-0783-4021-AECB-E87D5EE9BA2D}"
EndProject
Project("{FAE04EC0-301F-11D3-BF4B-00C04F79EFBC}") = "Dgmjr.MediatR.Queries", "src\MediatR\src\Queries\Dgmjr.MediatR.Queries.csproj", "{3374F4B0-F993-44BC-A7E4-B1A668BC1EAA}"
EndProject
Project("{2150E333-8FDC-42A3-9474-1A3956D46DE8}") = "Types", "Types", "{525E7C02-B983-4723-8D65-79BDD0FB4D83}"
EndProject
Project("{2150E333-8FDC-42A3-9474-1A3956D46DE8}") = "RegexDtoGenerator", "RegexDtoGenerator", "{4E569165-4B05-40F5-9203-3EDA6641D9C8}"
EndProject
Project("{FAE04EC0-301F-11D3-BF4B-00C04F79EFBC}") = "Dgmjr.RegexDtoGenerator", "src\Types\RegexDtoGenerator\src\Dgmjr.RegexDtoGenerator.csproj", "{DBC67BC1-2DA6-411B-876B-FB0BA11CA5F8}"
EndProject
Project("{FAE04EC0-301F-11D3-BF4B-00C04F79EFBC}") = "Dgmjr.RegexDtoGenerator.Samples", "src\Types\RegexDtoGenerator\Samples\Dgmjr.RegexDtoGenerator.Samples.csproj", "{654FE5E3-7B24-48A6-AAAB-4DC515113DB5}"
EndProject
Project("{FAE04EC0-301F-11D3-BF4B-00C04F79EFBC}") = "Dgmjr.RegexDtoGenerator.Tests", "src\Types\RegexDtoGenerator\Tests\Dgmjr.RegexDtoGenerator.Tests.csproj", "{02B1A37D-503D-4C9D-8D39-1C4296400A5E}"
EndProject
Project("{2150E333-8FDC-42A3-9474-1A3956D46DE8}") = "Primitives", "Primitives", "{6C8A8A27-1725-4D60-A0F4-2CDC2E379554}"
EndProject
Project("{FAE04EC0-301F-11D3-BF4B-00C04F79EFBC}") = "Dgmjr.Primitives.Sln", "src\Types\Primitives\Dgmjr.Primitives.Sln.csproj", "{008D3E2A-09DA-4E49-BD68-7337E03762D8}"
EndProject
Project("{FAE04EC0-301F-11D3-BF4B-00C04F79EFBC}") = "Dgmjr.Primitives", "src\Types\Primitives\src\Dgmjr.Primitives.csproj", "{4E1F4A52-7F97-43E1-AAA6-2EEEE07326E6}"
EndProject
Project("{FAE04EC0-301F-11D3-BF4B-00C04F79EFBC}") = "Dgmjr.Primitives.Tests", "src\Types\Primitives\Tests\Dgmjr.Primitives.Tests.csproj", "{F5685C95-C051-472B-AFCE-607AF4F86DF5}"
EndProject
Global
	GlobalSection(SolutionConfigurationPlatforms) = preSolution
		Debug|Any CPU = Debug|Any CPU
		Debug|x64 = Debug|x64
		Debug|x86 = Debug|x86
		Release|Any CPU = Release|Any CPU
		Release|x64 = Release|x64
		Release|x86 = Release|x86
	EndGlobalSection
	GlobalSection(ProjectConfigurationPlatforms) = postSolution
		{EE3694CC-EC84-4BCC-A3E6-B5FA551AED1F}.Debug|Any CPU.ActiveCfg = Debug|Any CPU
		{EE3694CC-EC84-4BCC-A3E6-B5FA551AED1F}.Debug|Any CPU.Build.0 = Debug|Any CPU
		{EE3694CC-EC84-4BCC-A3E6-B5FA551AED1F}.Debug|x64.ActiveCfg = Debug|Any CPU
		{EE3694CC-EC84-4BCC-A3E6-B5FA551AED1F}.Debug|x64.Build.0 = Debug|Any CPU
		{EE3694CC-EC84-4BCC-A3E6-B5FA551AED1F}.Debug|x86.ActiveCfg = Debug|Any CPU
		{EE3694CC-EC84-4BCC-A3E6-B5FA551AED1F}.Debug|x86.Build.0 = Debug|Any CPU
		{EE3694CC-EC84-4BCC-A3E6-B5FA551AED1F}.Release|Any CPU.ActiveCfg = Release|Any CPU
		{EE3694CC-EC84-4BCC-A3E6-B5FA551AED1F}.Release|Any CPU.Build.0 = Release|Any CPU
		{EE3694CC-EC84-4BCC-A3E6-B5FA551AED1F}.Release|x64.ActiveCfg = Release|Any CPU
		{EE3694CC-EC84-4BCC-A3E6-B5FA551AED1F}.Release|x64.Build.0 = Release|Any CPU
		{EE3694CC-EC84-4BCC-A3E6-B5FA551AED1F}.Release|x86.ActiveCfg = Release|Any CPU
		{EE3694CC-EC84-4BCC-A3E6-B5FA551AED1F}.Release|x86.Build.0 = Release|Any CPU
		{EC35AEA7-CCC5-4DC0-8282-F7E4644FC7F5}.Debug|Any CPU.ActiveCfg = Debug|Any CPU
		{EC35AEA7-CCC5-4DC0-8282-F7E4644FC7F5}.Debug|Any CPU.Build.0 = Debug|Any CPU
		{EC35AEA7-CCC5-4DC0-8282-F7E4644FC7F5}.Debug|x64.ActiveCfg = Debug|Any CPU
		{EC35AEA7-CCC5-4DC0-8282-F7E4644FC7F5}.Debug|x64.Build.0 = Debug|Any CPU
		{EC35AEA7-CCC5-4DC0-8282-F7E4644FC7F5}.Debug|x86.ActiveCfg = Debug|Any CPU
		{EC35AEA7-CCC5-4DC0-8282-F7E4644FC7F5}.Debug|x86.Build.0 = Debug|Any CPU
		{EC35AEA7-CCC5-4DC0-8282-F7E4644FC7F5}.Release|Any CPU.ActiveCfg = Release|Any CPU
		{EC35AEA7-CCC5-4DC0-8282-F7E4644FC7F5}.Release|Any CPU.Build.0 = Release|Any CPU
		{EC35AEA7-CCC5-4DC0-8282-F7E4644FC7F5}.Release|x64.ActiveCfg = Release|Any CPU
		{EC35AEA7-CCC5-4DC0-8282-F7E4644FC7F5}.Release|x64.Build.0 = Release|Any CPU
		{EC35AEA7-CCC5-4DC0-8282-F7E4644FC7F5}.Release|x86.ActiveCfg = Release|Any CPU
		{EC35AEA7-CCC5-4DC0-8282-F7E4644FC7F5}.Release|x86.Build.0 = Release|Any CPU
		{519A640D-93D7-4538-B23B-9412670309F7}.Debug|Any CPU.ActiveCfg = Debug|Any CPU
		{519A640D-93D7-4538-B23B-9412670309F7}.Debug|Any CPU.Build.0 = Debug|Any CPU
		{519A640D-93D7-4538-B23B-9412670309F7}.Debug|x64.ActiveCfg = Debug|Any CPU
		{519A640D-93D7-4538-B23B-9412670309F7}.Debug|x64.Build.0 = Debug|Any CPU
		{519A640D-93D7-4538-B23B-9412670309F7}.Debug|x86.ActiveCfg = Debug|Any CPU
		{519A640D-93D7-4538-B23B-9412670309F7}.Debug|x86.Build.0 = Debug|Any CPU
		{519A640D-93D7-4538-B23B-9412670309F7}.Release|Any CPU.ActiveCfg = Release|Any CPU
		{519A640D-93D7-4538-B23B-9412670309F7}.Release|Any CPU.Build.0 = Release|Any CPU
		{519A640D-93D7-4538-B23B-9412670309F7}.Release|x64.ActiveCfg = Release|Any CPU
		{519A640D-93D7-4538-B23B-9412670309F7}.Release|x64.Build.0 = Release|Any CPU
		{519A640D-93D7-4538-B23B-9412670309F7}.Release|x86.ActiveCfg = Release|Any CPU
		{519A640D-93D7-4538-B23B-9412670309F7}.Release|x86.Build.0 = Release|Any CPU
		{8BE65488-BF32-4147-88D7-419F9152EBA3}.Debug|Any CPU.ActiveCfg = Debug|Any CPU
		{8BE65488-BF32-4147-88D7-419F9152EBA3}.Debug|Any CPU.Build.0 = Debug|Any CPU
		{8BE65488-BF32-4147-88D7-419F9152EBA3}.Debug|x64.ActiveCfg = Debug|Any CPU
		{8BE65488-BF32-4147-88D7-419F9152EBA3}.Debug|x64.Build.0 = Debug|Any CPU
		{8BE65488-BF32-4147-88D7-419F9152EBA3}.Debug|x86.ActiveCfg = Debug|Any CPU
		{8BE65488-BF32-4147-88D7-419F9152EBA3}.Debug|x86.Build.0 = Debug|Any CPU
		{8BE65488-BF32-4147-88D7-419F9152EBA3}.Release|Any CPU.ActiveCfg = Release|Any CPU
		{8BE65488-BF32-4147-88D7-419F9152EBA3}.Release|Any CPU.Build.0 = Release|Any CPU
		{8BE65488-BF32-4147-88D7-419F9152EBA3}.Release|x64.ActiveCfg = Release|Any CPU
		{8BE65488-BF32-4147-88D7-419F9152EBA3}.Release|x64.Build.0 = Release|Any CPU
		{8BE65488-BF32-4147-88D7-419F9152EBA3}.Release|x86.ActiveCfg = Release|Any CPU
		{8BE65488-BF32-4147-88D7-419F9152EBA3}.Release|x86.Build.0 = Release|Any CPU
		{F14C7472-DA2D-4EE1-A60A-FCBCCEF91143}.Debug|Any CPU.ActiveCfg = Debug|Any CPU
		{F14C7472-DA2D-4EE1-A60A-FCBCCEF91143}.Debug|Any CPU.Build.0 = Debug|Any CPU
		{F14C7472-DA2D-4EE1-A60A-FCBCCEF91143}.Debug|x64.ActiveCfg = Debug|Any CPU
		{F14C7472-DA2D-4EE1-A60A-FCBCCEF91143}.Debug|x64.Build.0 = Debug|Any CPU
		{F14C7472-DA2D-4EE1-A60A-FCBCCEF91143}.Debug|x86.ActiveCfg = Debug|Any CPU
		{F14C7472-DA2D-4EE1-A60A-FCBCCEF91143}.Debug|x86.Build.0 = Debug|Any CPU
		{F14C7472-DA2D-4EE1-A60A-FCBCCEF91143}.Release|Any CPU.ActiveCfg = Release|Any CPU
		{F14C7472-DA2D-4EE1-A60A-FCBCCEF91143}.Release|Any CPU.Build.0 = Release|Any CPU
		{F14C7472-DA2D-4EE1-A60A-FCBCCEF91143}.Release|x64.ActiveCfg = Release|Any CPU
		{F14C7472-DA2D-4EE1-A60A-FCBCCEF91143}.Release|x64.Build.0 = Release|Any CPU
		{F14C7472-DA2D-4EE1-A60A-FCBCCEF91143}.Release|x86.ActiveCfg = Release|Any CPU
		{F14C7472-DA2D-4EE1-A60A-FCBCCEF91143}.Release|x86.Build.0 = Release|Any CPU
		{3044A404-9662-4075-80EE-183A9FE363E4}.Debug|Any CPU.ActiveCfg = Debug|Any CPU
		{3044A404-9662-4075-80EE-183A9FE363E4}.Debug|Any CPU.Build.0 = Debug|Any CPU
		{3044A404-9662-4075-80EE-183A9FE363E4}.Debug|x64.ActiveCfg = Debug|Any CPU
		{3044A404-9662-4075-80EE-183A9FE363E4}.Debug|x64.Build.0 = Debug|Any CPU
		{3044A404-9662-4075-80EE-183A9FE363E4}.Debug|x86.ActiveCfg = Debug|Any CPU
		{3044A404-9662-4075-80EE-183A9FE363E4}.Debug|x86.Build.0 = Debug|Any CPU
		{3044A404-9662-4075-80EE-183A9FE363E4}.Release|Any CPU.ActiveCfg = Release|Any CPU
		{3044A404-9662-4075-80EE-183A9FE363E4}.Release|Any CPU.Build.0 = Release|Any CPU
		{3044A404-9662-4075-80EE-183A9FE363E4}.Release|x64.ActiveCfg = Release|Any CPU
		{3044A404-9662-4075-80EE-183A9FE363E4}.Release|x64.Build.0 = Release|Any CPU
		{3044A404-9662-4075-80EE-183A9FE363E4}.Release|x86.ActiveCfg = Release|Any CPU
		{3044A404-9662-4075-80EE-183A9FE363E4}.Release|x86.Build.0 = Release|Any CPU
		{D62A7AC9-43AB-4FC5-A1A0-D9549ED6D519}.Debug|Any CPU.ActiveCfg = Debug|Any CPU
		{D62A7AC9-43AB-4FC5-A1A0-D9549ED6D519}.Debug|Any CPU.Build.0 = Debug|Any CPU
		{D62A7AC9-43AB-4FC5-A1A0-D9549ED6D519}.Debug|x64.ActiveCfg = Debug|Any CPU
		{D62A7AC9-43AB-4FC5-A1A0-D9549ED6D519}.Debug|x64.Build.0 = Debug|Any CPU
		{D62A7AC9-43AB-4FC5-A1A0-D9549ED6D519}.Debug|x86.ActiveCfg = Debug|Any CPU
		{D62A7AC9-43AB-4FC5-A1A0-D9549ED6D519}.Debug|x86.Build.0 = Debug|Any CPU
		{D62A7AC9-43AB-4FC5-A1A0-D9549ED6D519}.Release|Any CPU.ActiveCfg = Release|Any CPU
		{D62A7AC9-43AB-4FC5-A1A0-D9549ED6D519}.Release|Any CPU.Build.0 = Release|Any CPU
		{D62A7AC9-43AB-4FC5-A1A0-D9549ED6D519}.Release|x64.ActiveCfg = Release|Any CPU
		{D62A7AC9-43AB-4FC5-A1A0-D9549ED6D519}.Release|x64.Build.0 = Release|Any CPU
		{D62A7AC9-43AB-4FC5-A1A0-D9549ED6D519}.Release|x86.ActiveCfg = Release|Any CPU
		{D62A7AC9-43AB-4FC5-A1A0-D9549ED6D519}.Release|x86.Build.0 = Release|Any CPU
		{39115547-8713-40A0-94F8-9C3EFE96AB43}.Debug|Any CPU.ActiveCfg = Debug|Any CPU
		{39115547-8713-40A0-94F8-9C3EFE96AB43}.Debug|Any CPU.Build.0 = Debug|Any CPU
		{39115547-8713-40A0-94F8-9C3EFE96AB43}.Debug|x64.ActiveCfg = Debug|Any CPU
		{39115547-8713-40A0-94F8-9C3EFE96AB43}.Debug|x64.Build.0 = Debug|Any CPU
		{39115547-8713-40A0-94F8-9C3EFE96AB43}.Debug|x86.ActiveCfg = Debug|Any CPU
		{39115547-8713-40A0-94F8-9C3EFE96AB43}.Debug|x86.Build.0 = Debug|Any CPU
		{39115547-8713-40A0-94F8-9C3EFE96AB43}.Release|Any CPU.ActiveCfg = Release|Any CPU
		{39115547-8713-40A0-94F8-9C3EFE96AB43}.Release|Any CPU.Build.0 = Release|Any CPU
		{39115547-8713-40A0-94F8-9C3EFE96AB43}.Release|x64.ActiveCfg = Release|Any CPU
		{39115547-8713-40A0-94F8-9C3EFE96AB43}.Release|x64.Build.0 = Release|Any CPU
		{39115547-8713-40A0-94F8-9C3EFE96AB43}.Release|x86.ActiveCfg = Release|Any CPU
		{39115547-8713-40A0-94F8-9C3EFE96AB43}.Release|x86.Build.0 = Release|Any CPU
		{51C5CBB0-5DAD-49F9-A020-60179F804612}.Debug|Any CPU.ActiveCfg = Debug|Any CPU
		{51C5CBB0-5DAD-49F9-A020-60179F804612}.Debug|Any CPU.Build.0 = Debug|Any CPU
		{51C5CBB0-5DAD-49F9-A020-60179F804612}.Debug|x64.ActiveCfg = Debug|Any CPU
		{51C5CBB0-5DAD-49F9-A020-60179F804612}.Debug|x64.Build.0 = Debug|Any CPU
		{51C5CBB0-5DAD-49F9-A020-60179F804612}.Debug|x86.ActiveCfg = Debug|Any CPU
		{51C5CBB0-5DAD-49F9-A020-60179F804612}.Debug|x86.Build.0 = Debug|Any CPU
		{51C5CBB0-5DAD-49F9-A020-60179F804612}.Release|Any CPU.ActiveCfg = Release|Any CPU
		{51C5CBB0-5DAD-49F9-A020-60179F804612}.Release|Any CPU.Build.0 = Release|Any CPU
		{51C5CBB0-5DAD-49F9-A020-60179F804612}.Release|x64.ActiveCfg = Release|Any CPU
		{51C5CBB0-5DAD-49F9-A020-60179F804612}.Release|x64.Build.0 = Release|Any CPU
		{51C5CBB0-5DAD-49F9-A020-60179F804612}.Release|x86.ActiveCfg = Release|Any CPU
		{51C5CBB0-5DAD-49F9-A020-60179F804612}.Release|x86.Build.0 = Release|Any CPU
		{8A342C90-2CAE-4799-90E6-B9048D1D47A7}.Debug|Any CPU.ActiveCfg = Debug|Any CPU
		{8A342C90-2CAE-4799-90E6-B9048D1D47A7}.Debug|Any CPU.Build.0 = Debug|Any CPU
		{8A342C90-2CAE-4799-90E6-B9048D1D47A7}.Debug|x64.ActiveCfg = Debug|Any CPU
		{8A342C90-2CAE-4799-90E6-B9048D1D47A7}.Debug|x64.Build.0 = Debug|Any CPU
		{8A342C90-2CAE-4799-90E6-B9048D1D47A7}.Debug|x86.ActiveCfg = Debug|Any CPU
		{8A342C90-2CAE-4799-90E6-B9048D1D47A7}.Debug|x86.Build.0 = Debug|Any CPU
		{8A342C90-2CAE-4799-90E6-B9048D1D47A7}.Release|Any CPU.ActiveCfg = Release|Any CPU
		{8A342C90-2CAE-4799-90E6-B9048D1D47A7}.Release|Any CPU.Build.0 = Release|Any CPU
		{8A342C90-2CAE-4799-90E6-B9048D1D47A7}.Release|x64.ActiveCfg = Release|Any CPU
		{8A342C90-2CAE-4799-90E6-B9048D1D47A7}.Release|x64.Build.0 = Release|Any CPU
		{8A342C90-2CAE-4799-90E6-B9048D1D47A7}.Release|x86.ActiveCfg = Release|Any CPU
		{8A342C90-2CAE-4799-90E6-B9048D1D47A7}.Release|x86.Build.0 = Release|Any CPU
		{073061AA-213A-40E5-83F2-67398A6F0C40}.Debug|Any CPU.ActiveCfg = Debug|Any CPU
		{073061AA-213A-40E5-83F2-67398A6F0C40}.Debug|Any CPU.Build.0 = Debug|Any CPU
		{073061AA-213A-40E5-83F2-67398A6F0C40}.Debug|x64.ActiveCfg = Debug|Any CPU
		{073061AA-213A-40E5-83F2-67398A6F0C40}.Debug|x64.Build.0 = Debug|Any CPU
		{073061AA-213A-40E5-83F2-67398A6F0C40}.Debug|x86.ActiveCfg = Debug|Any CPU
		{073061AA-213A-40E5-83F2-67398A6F0C40}.Debug|x86.Build.0 = Debug|Any CPU
		{073061AA-213A-40E5-83F2-67398A6F0C40}.Release|Any CPU.ActiveCfg = Release|Any CPU
		{073061AA-213A-40E5-83F2-67398A6F0C40}.Release|Any CPU.Build.0 = Release|Any CPU
		{073061AA-213A-40E5-83F2-67398A6F0C40}.Release|x64.ActiveCfg = Release|Any CPU
		{073061AA-213A-40E5-83F2-67398A6F0C40}.Release|x64.Build.0 = Release|Any CPU
		{073061AA-213A-40E5-83F2-67398A6F0C40}.Release|x86.ActiveCfg = Release|Any CPU
		{073061AA-213A-40E5-83F2-67398A6F0C40}.Release|x86.Build.0 = Release|Any CPU
		{F52D8A04-CD74-4A5D-900F-9DF28DCCE542}.Debug|Any CPU.ActiveCfg = Debug|Any CPU
		{F52D8A04-CD74-4A5D-900F-9DF28DCCE542}.Debug|Any CPU.Build.0 = Debug|Any CPU
		{F52D8A04-CD74-4A5D-900F-9DF28DCCE542}.Debug|x64.ActiveCfg = Debug|Any CPU
		{F52D8A04-CD74-4A5D-900F-9DF28DCCE542}.Debug|x64.Build.0 = Debug|Any CPU
		{F52D8A04-CD74-4A5D-900F-9DF28DCCE542}.Debug|x86.ActiveCfg = Debug|Any CPU
		{F52D8A04-CD74-4A5D-900F-9DF28DCCE542}.Debug|x86.Build.0 = Debug|Any CPU
		{F52D8A04-CD74-4A5D-900F-9DF28DCCE542}.Release|Any CPU.ActiveCfg = Release|Any CPU
		{F52D8A04-CD74-4A5D-900F-9DF28DCCE542}.Release|Any CPU.Build.0 = Release|Any CPU
		{F52D8A04-CD74-4A5D-900F-9DF28DCCE542}.Release|x64.ActiveCfg = Release|Any CPU
		{F52D8A04-CD74-4A5D-900F-9DF28DCCE542}.Release|x64.Build.0 = Release|Any CPU
		{F52D8A04-CD74-4A5D-900F-9DF28DCCE542}.Release|x86.ActiveCfg = Release|Any CPU
		{F52D8A04-CD74-4A5D-900F-9DF28DCCE542}.Release|x86.Build.0 = Release|Any CPU
		{16240528-149C-4365-9CA7-05CD6A8F8BF6}.Debug|Any CPU.ActiveCfg = Debug|Any CPU
		{16240528-149C-4365-9CA7-05CD6A8F8BF6}.Debug|Any CPU.Build.0 = Debug|Any CPU
		{16240528-149C-4365-9CA7-05CD6A8F8BF6}.Debug|x64.ActiveCfg = Debug|Any CPU
		{16240528-149C-4365-9CA7-05CD6A8F8BF6}.Debug|x64.Build.0 = Debug|Any CPU
		{16240528-149C-4365-9CA7-05CD6A8F8BF6}.Debug|x86.ActiveCfg = Debug|Any CPU
		{16240528-149C-4365-9CA7-05CD6A8F8BF6}.Debug|x86.Build.0 = Debug|Any CPU
		{16240528-149C-4365-9CA7-05CD6A8F8BF6}.Release|Any CPU.ActiveCfg = Release|Any CPU
		{16240528-149C-4365-9CA7-05CD6A8F8BF6}.Release|Any CPU.Build.0 = Release|Any CPU
		{16240528-149C-4365-9CA7-05CD6A8F8BF6}.Release|x64.ActiveCfg = Release|Any CPU
		{16240528-149C-4365-9CA7-05CD6A8F8BF6}.Release|x64.Build.0 = Release|Any CPU
		{16240528-149C-4365-9CA7-05CD6A8F8BF6}.Release|x86.ActiveCfg = Release|Any CPU
		{16240528-149C-4365-9CA7-05CD6A8F8BF6}.Release|x86.Build.0 = Release|Any CPU
		{CBAF00CB-74A8-4E7A-B1A8-609E8635E845}.Debug|Any CPU.ActiveCfg = Debug|Any CPU
		{CBAF00CB-74A8-4E7A-B1A8-609E8635E845}.Debug|Any CPU.Build.0 = Debug|Any CPU
		{CBAF00CB-74A8-4E7A-B1A8-609E8635E845}.Debug|x64.ActiveCfg = Debug|Any CPU
		{CBAF00CB-74A8-4E7A-B1A8-609E8635E845}.Debug|x64.Build.0 = Debug|Any CPU
		{CBAF00CB-74A8-4E7A-B1A8-609E8635E845}.Debug|x86.ActiveCfg = Debug|Any CPU
		{CBAF00CB-74A8-4E7A-B1A8-609E8635E845}.Debug|x86.Build.0 = Debug|Any CPU
		{CBAF00CB-74A8-4E7A-B1A8-609E8635E845}.Release|Any CPU.ActiveCfg = Release|Any CPU
		{CBAF00CB-74A8-4E7A-B1A8-609E8635E845}.Release|Any CPU.Build.0 = Release|Any CPU
		{CBAF00CB-74A8-4E7A-B1A8-609E8635E845}.Release|x64.ActiveCfg = Release|Any CPU
		{CBAF00CB-74A8-4E7A-B1A8-609E8635E845}.Release|x64.Build.0 = Release|Any CPU
		{CBAF00CB-74A8-4E7A-B1A8-609E8635E845}.Release|x86.ActiveCfg = Release|Any CPU
		{CBAF00CB-74A8-4E7A-B1A8-609E8635E845}.Release|x86.Build.0 = Release|Any CPU
		{36630560-314B-44BA-A7F5-6AF762C2FEE5}.Debug|Any CPU.ActiveCfg = Debug|Any CPU
		{36630560-314B-44BA-A7F5-6AF762C2FEE5}.Debug|Any CPU.Build.0 = Debug|Any CPU
		{36630560-314B-44BA-A7F5-6AF762C2FEE5}.Debug|x64.ActiveCfg = Debug|Any CPU
		{36630560-314B-44BA-A7F5-6AF762C2FEE5}.Debug|x64.Build.0 = Debug|Any CPU
		{36630560-314B-44BA-A7F5-6AF762C2FEE5}.Debug|x86.ActiveCfg = Debug|Any CPU
		{36630560-314B-44BA-A7F5-6AF762C2FEE5}.Debug|x86.Build.0 = Debug|Any CPU
		{36630560-314B-44BA-A7F5-6AF762C2FEE5}.Release|Any CPU.ActiveCfg = Release|Any CPU
		{36630560-314B-44BA-A7F5-6AF762C2FEE5}.Release|Any CPU.Build.0 = Release|Any CPU
		{36630560-314B-44BA-A7F5-6AF762C2FEE5}.Release|x64.ActiveCfg = Release|Any CPU
		{36630560-314B-44BA-A7F5-6AF762C2FEE5}.Release|x64.Build.0 = Release|Any CPU
		{36630560-314B-44BA-A7F5-6AF762C2FEE5}.Release|x86.ActiveCfg = Release|Any CPU
		{36630560-314B-44BA-A7F5-6AF762C2FEE5}.Release|x86.Build.0 = Release|Any CPU
		{D1914EAD-84DC-42DE-A27B-ACA609BCCB13}.Debug|Any CPU.ActiveCfg = Debug|Any CPU
		{D1914EAD-84DC-42DE-A27B-ACA609BCCB13}.Debug|Any CPU.Build.0 = Debug|Any CPU
		{D1914EAD-84DC-42DE-A27B-ACA609BCCB13}.Debug|x64.ActiveCfg = Debug|Any CPU
		{D1914EAD-84DC-42DE-A27B-ACA609BCCB13}.Debug|x64.Build.0 = Debug|Any CPU
		{D1914EAD-84DC-42DE-A27B-ACA609BCCB13}.Debug|x86.ActiveCfg = Debug|Any CPU
		{D1914EAD-84DC-42DE-A27B-ACA609BCCB13}.Debug|x86.Build.0 = Debug|Any CPU
		{D1914EAD-84DC-42DE-A27B-ACA609BCCB13}.Release|Any CPU.ActiveCfg = Release|Any CPU
		{D1914EAD-84DC-42DE-A27B-ACA609BCCB13}.Release|Any CPU.Build.0 = Release|Any CPU
		{D1914EAD-84DC-42DE-A27B-ACA609BCCB13}.Release|x64.ActiveCfg = Release|Any CPU
		{D1914EAD-84DC-42DE-A27B-ACA609BCCB13}.Release|x64.Build.0 = Release|Any CPU
		{D1914EAD-84DC-42DE-A27B-ACA609BCCB13}.Release|x86.ActiveCfg = Release|Any CPU
		{D1914EAD-84DC-42DE-A27B-ACA609BCCB13}.Release|x86.Build.0 = Release|Any CPU
		{D056F190-12C7-493D-A868-442E80F0089C}.Debug|Any CPU.ActiveCfg = Debug|Any CPU
		{D056F190-12C7-493D-A868-442E80F0089C}.Debug|Any CPU.Build.0 = Debug|Any CPU
		{D056F190-12C7-493D-A868-442E80F0089C}.Debug|x64.ActiveCfg = Debug|Any CPU
		{D056F190-12C7-493D-A868-442E80F0089C}.Debug|x64.Build.0 = Debug|Any CPU
		{D056F190-12C7-493D-A868-442E80F0089C}.Debug|x86.ActiveCfg = Debug|Any CPU
		{D056F190-12C7-493D-A868-442E80F0089C}.Debug|x86.Build.0 = Debug|Any CPU
		{D056F190-12C7-493D-A868-442E80F0089C}.Release|Any CPU.ActiveCfg = Release|Any CPU
		{D056F190-12C7-493D-A868-442E80F0089C}.Release|Any CPU.Build.0 = Release|Any CPU
		{D056F190-12C7-493D-A868-442E80F0089C}.Release|x64.ActiveCfg = Release|Any CPU
		{D056F190-12C7-493D-A868-442E80F0089C}.Release|x64.Build.0 = Release|Any CPU
		{D056F190-12C7-493D-A868-442E80F0089C}.Release|x86.ActiveCfg = Release|Any CPU
		{D056F190-12C7-493D-A868-442E80F0089C}.Release|x86.Build.0 = Release|Any CPU
		{5B7D86A0-6A05-4770-9C2A-E9833F049757}.Debug|Any CPU.ActiveCfg = Debug|Any CPU
		{5B7D86A0-6A05-4770-9C2A-E9833F049757}.Debug|Any CPU.Build.0 = Debug|Any CPU
		{5B7D86A0-6A05-4770-9C2A-E9833F049757}.Debug|x64.ActiveCfg = Debug|Any CPU
		{5B7D86A0-6A05-4770-9C2A-E9833F049757}.Debug|x64.Build.0 = Debug|Any CPU
		{5B7D86A0-6A05-4770-9C2A-E9833F049757}.Debug|x86.ActiveCfg = Debug|Any CPU
		{5B7D86A0-6A05-4770-9C2A-E9833F049757}.Debug|x86.Build.0 = Debug|Any CPU
		{5B7D86A0-6A05-4770-9C2A-E9833F049757}.Release|Any CPU.ActiveCfg = Release|Any CPU
		{5B7D86A0-6A05-4770-9C2A-E9833F049757}.Release|Any CPU.Build.0 = Release|Any CPU
		{5B7D86A0-6A05-4770-9C2A-E9833F049757}.Release|x64.ActiveCfg = Release|Any CPU
		{5B7D86A0-6A05-4770-9C2A-E9833F049757}.Release|x64.Build.0 = Release|Any CPU
		{5B7D86A0-6A05-4770-9C2A-E9833F049757}.Release|x86.ActiveCfg = Release|Any CPU
		{5B7D86A0-6A05-4770-9C2A-E9833F049757}.Release|x86.Build.0 = Release|Any CPU
		{74F57AB1-5BA2-4638-BA26-C7AB0299F866}.Debug|Any CPU.ActiveCfg = Debug|Any CPU
		{74F57AB1-5BA2-4638-BA26-C7AB0299F866}.Debug|Any CPU.Build.0 = Debug|Any CPU
		{74F57AB1-5BA2-4638-BA26-C7AB0299F866}.Debug|x64.ActiveCfg = Debug|Any CPU
		{74F57AB1-5BA2-4638-BA26-C7AB0299F866}.Debug|x64.Build.0 = Debug|Any CPU
		{74F57AB1-5BA2-4638-BA26-C7AB0299F866}.Debug|x86.ActiveCfg = Debug|Any CPU
		{74F57AB1-5BA2-4638-BA26-C7AB0299F866}.Debug|x86.Build.0 = Debug|Any CPU
		{74F57AB1-5BA2-4638-BA26-C7AB0299F866}.Release|Any CPU.ActiveCfg = Release|Any CPU
		{74F57AB1-5BA2-4638-BA26-C7AB0299F866}.Release|Any CPU.Build.0 = Release|Any CPU
		{74F57AB1-5BA2-4638-BA26-C7AB0299F866}.Release|x64.ActiveCfg = Release|Any CPU
		{74F57AB1-5BA2-4638-BA26-C7AB0299F866}.Release|x64.Build.0 = Release|Any CPU
		{74F57AB1-5BA2-4638-BA26-C7AB0299F866}.Release|x86.ActiveCfg = Release|Any CPU
		{74F57AB1-5BA2-4638-BA26-C7AB0299F866}.Release|x86.Build.0 = Release|Any CPU
		{7F6805D7-4886-41A7-833B-E60007DC6F40}.Debug|Any CPU.ActiveCfg = Debug|Any CPU
		{7F6805D7-4886-41A7-833B-E60007DC6F40}.Debug|Any CPU.Build.0 = Debug|Any CPU
		{7F6805D7-4886-41A7-833B-E60007DC6F40}.Debug|x64.ActiveCfg = Debug|Any CPU
		{7F6805D7-4886-41A7-833B-E60007DC6F40}.Debug|x64.Build.0 = Debug|Any CPU
		{7F6805D7-4886-41A7-833B-E60007DC6F40}.Debug|x86.ActiveCfg = Debug|Any CPU
		{7F6805D7-4886-41A7-833B-E60007DC6F40}.Debug|x86.Build.0 = Debug|Any CPU
		{7F6805D7-4886-41A7-833B-E60007DC6F40}.Release|Any CPU.ActiveCfg = Release|Any CPU
		{7F6805D7-4886-41A7-833B-E60007DC6F40}.Release|Any CPU.Build.0 = Release|Any CPU
		{7F6805D7-4886-41A7-833B-E60007DC6F40}.Release|x64.ActiveCfg = Release|Any CPU
		{7F6805D7-4886-41A7-833B-E60007DC6F40}.Release|x64.Build.0 = Release|Any CPU
		{7F6805D7-4886-41A7-833B-E60007DC6F40}.Release|x86.ActiveCfg = Release|Any CPU
		{7F6805D7-4886-41A7-833B-E60007DC6F40}.Release|x86.Build.0 = Release|Any CPU
		{D582B19E-ADDC-474F-A404-65843BDB621A}.Debug|Any CPU.ActiveCfg = Debug|Any CPU
		{D582B19E-ADDC-474F-A404-65843BDB621A}.Debug|Any CPU.Build.0 = Debug|Any CPU
		{D582B19E-ADDC-474F-A404-65843BDB621A}.Debug|x64.ActiveCfg = Debug|Any CPU
		{D582B19E-ADDC-474F-A404-65843BDB621A}.Debug|x64.Build.0 = Debug|Any CPU
		{D582B19E-ADDC-474F-A404-65843BDB621A}.Debug|x86.ActiveCfg = Debug|Any CPU
		{D582B19E-ADDC-474F-A404-65843BDB621A}.Debug|x86.Build.0 = Debug|Any CPU
		{D582B19E-ADDC-474F-A404-65843BDB621A}.Release|Any CPU.ActiveCfg = Release|Any CPU
		{D582B19E-ADDC-474F-A404-65843BDB621A}.Release|Any CPU.Build.0 = Release|Any CPU
		{D582B19E-ADDC-474F-A404-65843BDB621A}.Release|x64.ActiveCfg = Release|Any CPU
		{D582B19E-ADDC-474F-A404-65843BDB621A}.Release|x64.Build.0 = Release|Any CPU
		{D582B19E-ADDC-474F-A404-65843BDB621A}.Release|x86.ActiveCfg = Release|Any CPU
		{D582B19E-ADDC-474F-A404-65843BDB621A}.Release|x86.Build.0 = Release|Any CPU
		{F9B5DB23-449E-402C-9B80-6C028CA8B073}.Debug|Any CPU.ActiveCfg = Debug|Any CPU
		{F9B5DB23-449E-402C-9B80-6C028CA8B073}.Debug|Any CPU.Build.0 = Debug|Any CPU
		{F9B5DB23-449E-402C-9B80-6C028CA8B073}.Debug|x64.ActiveCfg = Debug|Any CPU
		{F9B5DB23-449E-402C-9B80-6C028CA8B073}.Debug|x64.Build.0 = Debug|Any CPU
		{F9B5DB23-449E-402C-9B80-6C028CA8B073}.Debug|x86.ActiveCfg = Debug|Any CPU
		{F9B5DB23-449E-402C-9B80-6C028CA8B073}.Debug|x86.Build.0 = Debug|Any CPU
		{F9B5DB23-449E-402C-9B80-6C028CA8B073}.Release|Any CPU.ActiveCfg = Release|Any CPU
		{F9B5DB23-449E-402C-9B80-6C028CA8B073}.Release|Any CPU.Build.0 = Release|Any CPU
		{F9B5DB23-449E-402C-9B80-6C028CA8B073}.Release|x64.ActiveCfg = Release|Any CPU
		{F9B5DB23-449E-402C-9B80-6C028CA8B073}.Release|x64.Build.0 = Release|Any CPU
		{F9B5DB23-449E-402C-9B80-6C028CA8B073}.Release|x86.ActiveCfg = Release|Any CPU
		{F9B5DB23-449E-402C-9B80-6C028CA8B073}.Release|x86.Build.0 = Release|Any CPU
		{237CAA46-2CA4-4527-88CA-C0CC8C047CA9}.Debug|Any CPU.ActiveCfg = Debug|Any CPU
		{237CAA46-2CA4-4527-88CA-C0CC8C047CA9}.Debug|Any CPU.Build.0 = Debug|Any CPU
		{237CAA46-2CA4-4527-88CA-C0CC8C047CA9}.Debug|x64.ActiveCfg = Debug|Any CPU
		{237CAA46-2CA4-4527-88CA-C0CC8C047CA9}.Debug|x64.Build.0 = Debug|Any CPU
		{237CAA46-2CA4-4527-88CA-C0CC8C047CA9}.Debug|x86.ActiveCfg = Debug|Any CPU
		{237CAA46-2CA4-4527-88CA-C0CC8C047CA9}.Debug|x86.Build.0 = Debug|Any CPU
		{237CAA46-2CA4-4527-88CA-C0CC8C047CA9}.Release|Any CPU.ActiveCfg = Release|Any CPU
		{237CAA46-2CA4-4527-88CA-C0CC8C047CA9}.Release|Any CPU.Build.0 = Release|Any CPU
		{237CAA46-2CA4-4527-88CA-C0CC8C047CA9}.Release|x64.ActiveCfg = Release|Any CPU
		{237CAA46-2CA4-4527-88CA-C0CC8C047CA9}.Release|x64.Build.0 = Release|Any CPU
		{237CAA46-2CA4-4527-88CA-C0CC8C047CA9}.Release|x86.ActiveCfg = Release|Any CPU
		{237CAA46-2CA4-4527-88CA-C0CC8C047CA9}.Release|x86.Build.0 = Release|Any CPU
		{7600402B-0783-4021-AECB-E87D5EE9BA2D}.Debug|Any CPU.ActiveCfg = Debug|Any CPU
		{7600402B-0783-4021-AECB-E87D5EE9BA2D}.Debug|Any CPU.Build.0 = Debug|Any CPU
		{7600402B-0783-4021-AECB-E87D5EE9BA2D}.Debug|x64.ActiveCfg = Debug|Any CPU
		{7600402B-0783-4021-AECB-E87D5EE9BA2D}.Debug|x64.Build.0 = Debug|Any CPU
		{7600402B-0783-4021-AECB-E87D5EE9BA2D}.Debug|x86.ActiveCfg = Debug|Any CPU
		{7600402B-0783-4021-AECB-E87D5EE9BA2D}.Debug|x86.Build.0 = Debug|Any CPU
		{7600402B-0783-4021-AECB-E87D5EE9BA2D}.Release|Any CPU.ActiveCfg = Release|Any CPU
		{7600402B-0783-4021-AECB-E87D5EE9BA2D}.Release|Any CPU.Build.0 = Release|Any CPU
		{7600402B-0783-4021-AECB-E87D5EE9BA2D}.Release|x64.ActiveCfg = Release|Any CPU
		{7600402B-0783-4021-AECB-E87D5EE9BA2D}.Release|x64.Build.0 = Release|Any CPU
		{7600402B-0783-4021-AECB-E87D5EE9BA2D}.Release|x86.ActiveCfg = Release|Any CPU
		{7600402B-0783-4021-AECB-E87D5EE9BA2D}.Release|x86.Build.0 = Release|Any CPU
		{3374F4B0-F993-44BC-A7E4-B1A668BC1EAA}.Debug|Any CPU.ActiveCfg = Debug|Any CPU
		{3374F4B0-F993-44BC-A7E4-B1A668BC1EAA}.Debug|Any CPU.Build.0 = Debug|Any CPU
		{3374F4B0-F993-44BC-A7E4-B1A668BC1EAA}.Debug|x64.ActiveCfg = Debug|Any CPU
		{3374F4B0-F993-44BC-A7E4-B1A668BC1EAA}.Debug|x64.Build.0 = Debug|Any CPU
		{3374F4B0-F993-44BC-A7E4-B1A668BC1EAA}.Debug|x86.ActiveCfg = Debug|Any CPU
		{3374F4B0-F993-44BC-A7E4-B1A668BC1EAA}.Debug|x86.Build.0 = Debug|Any CPU
		{3374F4B0-F993-44BC-A7E4-B1A668BC1EAA}.Release|Any CPU.ActiveCfg = Release|Any CPU
		{3374F4B0-F993-44BC-A7E4-B1A668BC1EAA}.Release|Any CPU.Build.0 = Release|Any CPU
		{3374F4B0-F993-44BC-A7E4-B1A668BC1EAA}.Release|x64.ActiveCfg = Release|Any CPU
		{3374F4B0-F993-44BC-A7E4-B1A668BC1EAA}.Release|x64.Build.0 = Release|Any CPU
		{3374F4B0-F993-44BC-A7E4-B1A668BC1EAA}.Release|x86.ActiveCfg = Release|Any CPU
		{3374F4B0-F993-44BC-A7E4-B1A668BC1EAA}.Release|x86.Build.0 = Release|Any CPU
		{DBC67BC1-2DA6-411B-876B-FB0BA11CA5F8}.Debug|Any CPU.ActiveCfg = Debug|Any CPU
		{DBC67BC1-2DA6-411B-876B-FB0BA11CA5F8}.Debug|Any CPU.Build.0 = Debug|Any CPU
		{DBC67BC1-2DA6-411B-876B-FB0BA11CA5F8}.Debug|x64.ActiveCfg = Debug|Any CPU
		{DBC67BC1-2DA6-411B-876B-FB0BA11CA5F8}.Debug|x64.Build.0 = Debug|Any CPU
		{DBC67BC1-2DA6-411B-876B-FB0BA11CA5F8}.Debug|x86.ActiveCfg = Debug|Any CPU
		{DBC67BC1-2DA6-411B-876B-FB0BA11CA5F8}.Debug|x86.Build.0 = Debug|Any CPU
		{DBC67BC1-2DA6-411B-876B-FB0BA11CA5F8}.Release|Any CPU.ActiveCfg = Release|Any CPU
		{DBC67BC1-2DA6-411B-876B-FB0BA11CA5F8}.Release|Any CPU.Build.0 = Release|Any CPU
		{DBC67BC1-2DA6-411B-876B-FB0BA11CA5F8}.Release|x64.ActiveCfg = Release|Any CPU
		{DBC67BC1-2DA6-411B-876B-FB0BA11CA5F8}.Release|x64.Build.0 = Release|Any CPU
		{DBC67BC1-2DA6-411B-876B-FB0BA11CA5F8}.Release|x86.ActiveCfg = Release|Any CPU
		{DBC67BC1-2DA6-411B-876B-FB0BA11CA5F8}.Release|x86.Build.0 = Release|Any CPU
		{654FE5E3-7B24-48A6-AAAB-4DC515113DB5}.Debug|Any CPU.ActiveCfg = Debug|Any CPU
		{654FE5E3-7B24-48A6-AAAB-4DC515113DB5}.Debug|Any CPU.Build.0 = Debug|Any CPU
		{654FE5E3-7B24-48A6-AAAB-4DC515113DB5}.Debug|x64.ActiveCfg = Debug|Any CPU
		{654FE5E3-7B24-48A6-AAAB-4DC515113DB5}.Debug|x64.Build.0 = Debug|Any CPU
		{654FE5E3-7B24-48A6-AAAB-4DC515113DB5}.Debug|x86.ActiveCfg = Debug|Any CPU
		{654FE5E3-7B24-48A6-AAAB-4DC515113DB5}.Debug|x86.Build.0 = Debug|Any CPU
		{654FE5E3-7B24-48A6-AAAB-4DC515113DB5}.Release|Any CPU.ActiveCfg = Release|Any CPU
		{654FE5E3-7B24-48A6-AAAB-4DC515113DB5}.Release|Any CPU.Build.0 = Release|Any CPU
		{654FE5E3-7B24-48A6-AAAB-4DC515113DB5}.Release|x64.ActiveCfg = Release|Any CPU
		{654FE5E3-7B24-48A6-AAAB-4DC515113DB5}.Release|x64.Build.0 = Release|Any CPU
		{654FE5E3-7B24-48A6-AAAB-4DC515113DB5}.Release|x86.ActiveCfg = Release|Any CPU
		{654FE5E3-7B24-48A6-AAAB-4DC515113DB5}.Release|x86.Build.0 = Release|Any CPU
		{02B1A37D-503D-4C9D-8D39-1C4296400A5E}.Debug|Any CPU.ActiveCfg = Debug|Any CPU
		{02B1A37D-503D-4C9D-8D39-1C4296400A5E}.Debug|Any CPU.Build.0 = Debug|Any CPU
		{02B1A37D-503D-4C9D-8D39-1C4296400A5E}.Debug|x64.ActiveCfg = Debug|Any CPU
		{02B1A37D-503D-4C9D-8D39-1C4296400A5E}.Debug|x64.Build.0 = Debug|Any CPU
		{02B1A37D-503D-4C9D-8D39-1C4296400A5E}.Debug|x86.ActiveCfg = Debug|Any CPU
		{02B1A37D-503D-4C9D-8D39-1C4296400A5E}.Debug|x86.Build.0 = Debug|Any CPU
		{02B1A37D-503D-4C9D-8D39-1C4296400A5E}.Release|Any CPU.ActiveCfg = Release|Any CPU
		{02B1A37D-503D-4C9D-8D39-1C4296400A5E}.Release|Any CPU.Build.0 = Release|Any CPU
		{02B1A37D-503D-4C9D-8D39-1C4296400A5E}.Release|x64.ActiveCfg = Release|Any CPU
		{02B1A37D-503D-4C9D-8D39-1C4296400A5E}.Release|x64.Build.0 = Release|Any CPU
		{02B1A37D-503D-4C9D-8D39-1C4296400A5E}.Release|x86.ActiveCfg = Release|Any CPU
		{02B1A37D-503D-4C9D-8D39-1C4296400A5E}.Release|x86.Build.0 = Release|Any CPU
		{008D3E2A-09DA-4E49-BD68-7337E03762D8}.Debug|Any CPU.ActiveCfg = Debug|Any CPU
		{008D3E2A-09DA-4E49-BD68-7337E03762D8}.Debug|Any CPU.Build.0 = Debug|Any CPU
		{008D3E2A-09DA-4E49-BD68-7337E03762D8}.Debug|x64.ActiveCfg = Debug|Any CPU
		{008D3E2A-09DA-4E49-BD68-7337E03762D8}.Debug|x64.Build.0 = Debug|Any CPU
		{008D3E2A-09DA-4E49-BD68-7337E03762D8}.Debug|x86.ActiveCfg = Debug|Any CPU
		{008D3E2A-09DA-4E49-BD68-7337E03762D8}.Debug|x86.Build.0 = Debug|Any CPU
		{008D3E2A-09DA-4E49-BD68-7337E03762D8}.Release|Any CPU.ActiveCfg = Release|Any CPU
		{008D3E2A-09DA-4E49-BD68-7337E03762D8}.Release|Any CPU.Build.0 = Release|Any CPU
		{008D3E2A-09DA-4E49-BD68-7337E03762D8}.Release|x64.ActiveCfg = Release|Any CPU
		{008D3E2A-09DA-4E49-BD68-7337E03762D8}.Release|x64.Build.0 = Release|Any CPU
		{008D3E2A-09DA-4E49-BD68-7337E03762D8}.Release|x86.ActiveCfg = Release|Any CPU
		{008D3E2A-09DA-4E49-BD68-7337E03762D8}.Release|x86.Build.0 = Release|Any CPU
		{4E1F4A52-7F97-43E1-AAA6-2EEEE07326E6}.Debug|Any CPU.ActiveCfg = Debug|Any CPU
		{4E1F4A52-7F97-43E1-AAA6-2EEEE07326E6}.Debug|Any CPU.Build.0 = Debug|Any CPU
		{4E1F4A52-7F97-43E1-AAA6-2EEEE07326E6}.Debug|x64.ActiveCfg = Debug|Any CPU
		{4E1F4A52-7F97-43E1-AAA6-2EEEE07326E6}.Debug|x64.Build.0 = Debug|Any CPU
		{4E1F4A52-7F97-43E1-AAA6-2EEEE07326E6}.Debug|x86.ActiveCfg = Debug|Any CPU
		{4E1F4A52-7F97-43E1-AAA6-2EEEE07326E6}.Debug|x86.Build.0 = Debug|Any CPU
		{4E1F4A52-7F97-43E1-AAA6-2EEEE07326E6}.Release|Any CPU.ActiveCfg = Release|Any CPU
		{4E1F4A52-7F97-43E1-AAA6-2EEEE07326E6}.Release|Any CPU.Build.0 = Release|Any CPU
		{4E1F4A52-7F97-43E1-AAA6-2EEEE07326E6}.Release|x64.ActiveCfg = Release|Any CPU
		{4E1F4A52-7F97-43E1-AAA6-2EEEE07326E6}.Release|x64.Build.0 = Release|Any CPU
		{4E1F4A52-7F97-43E1-AAA6-2EEEE07326E6}.Release|x86.ActiveCfg = Release|Any CPU
		{4E1F4A52-7F97-43E1-AAA6-2EEEE07326E6}.Release|x86.Build.0 = Release|Any CPU
		{F5685C95-C051-472B-AFCE-607AF4F86DF5}.Debug|Any CPU.ActiveCfg = Debug|Any CPU
		{F5685C95-C051-472B-AFCE-607AF4F86DF5}.Debug|Any CPU.Build.0 = Debug|Any CPU
		{F5685C95-C051-472B-AFCE-607AF4F86DF5}.Debug|x64.ActiveCfg = Debug|Any CPU
		{F5685C95-C051-472B-AFCE-607AF4F86DF5}.Debug|x64.Build.0 = Debug|Any CPU
		{F5685C95-C051-472B-AFCE-607AF4F86DF5}.Debug|x86.ActiveCfg = Debug|Any CPU
		{F5685C95-C051-472B-AFCE-607AF4F86DF5}.Debug|x86.Build.0 = Debug|Any CPU
		{F5685C95-C051-472B-AFCE-607AF4F86DF5}.Release|Any CPU.ActiveCfg = Release|Any CPU
		{F5685C95-C051-472B-AFCE-607AF4F86DF5}.Release|Any CPU.Build.0 = Release|Any CPU
		{F5685C95-C051-472B-AFCE-607AF4F86DF5}.Release|x64.ActiveCfg = Release|Any CPU
		{F5685C95-C051-472B-AFCE-607AF4F86DF5}.Release|x64.Build.0 = Release|Any CPU
		{F5685C95-C051-472B-AFCE-607AF4F86DF5}.Release|x86.ActiveCfg = Release|Any CPU
		{F5685C95-C051-472B-AFCE-607AF4F86DF5}.Release|x86.Build.0 = Release|Any CPU
	EndGlobalSection
	GlobalSection(SolutionProperties) = preSolution
		HideSolutionNode = FALSE
	EndGlobalSection
	GlobalSection(NestedProjects) = preSolution
		{EE3694CC-EC84-4BCC-A3E6-B5FA551AED1F} = {DDC81146-DC76-40DC-9D82-3EB305E63E7E}
		{EC35AEA7-CCC5-4DC0-8282-F7E4644FC7F5} = {DDC81146-DC76-40DC-9D82-3EB305E63E7E}
		{519A640D-93D7-4538-B23B-9412670309F7} = {DDC81146-DC76-40DC-9D82-3EB305E63E7E}
		{8BE65488-BF32-4147-88D7-419F9152EBA3} = {DDC81146-DC76-40DC-9D82-3EB305E63E7E}
		{F14C7472-DA2D-4EE1-A60A-FCBCCEF91143} = {DDC81146-DC76-40DC-9D82-3EB305E63E7E}
		{3044A404-9662-4075-80EE-183A9FE363E4} = {DDC81146-DC76-40DC-9D82-3EB305E63E7E}
		{D62A7AC9-43AB-4FC5-A1A0-D9549ED6D519} = {DDC81146-DC76-40DC-9D82-3EB305E63E7E}
		{2CFB0A2B-23CF-4279-938E-834827054EC4} = {DDC81146-DC76-40DC-9D82-3EB305E63E7E}
		{39115547-8713-40A0-94F8-9C3EFE96AB43} = {2CFB0A2B-23CF-4279-938E-834827054EC4}
		{2EFE8567-2E7D-4723-A742-92132C4D736F} = {2CFB0A2B-23CF-4279-938E-834827054EC4}
		{51C5CBB0-5DAD-49F9-A020-60179F804612} = {2EFE8567-2E7D-4723-A742-92132C4D736F}
		{8A342C90-2CAE-4799-90E6-B9048D1D47A7} = {2EFE8567-2E7D-4723-A742-92132C4D736F}
		{073061AA-213A-40E5-83F2-67398A6F0C40} = {2EFE8567-2E7D-4723-A742-92132C4D736F}
		{F52D8A04-CD74-4A5D-900F-9DF28DCCE542} = {2EFE8567-2E7D-4723-A742-92132C4D736F}
		{16240528-149C-4365-9CA7-05CD6A8F8BF6} = {2EFE8567-2E7D-4723-A742-92132C4D736F}
		{CBAF00CB-74A8-4E7A-B1A8-609E8635E845} = {2EFE8567-2E7D-4723-A742-92132C4D736F}
		{36630560-314B-44BA-A7F5-6AF762C2FEE5} = {2EFE8567-2E7D-4723-A742-92132C4D736F}
		{D1914EAD-84DC-42DE-A27B-ACA609BCCB13} = {2EFE8567-2E7D-4723-A742-92132C4D736F}
		{CED62EAE-87F9-4D50-A3C9-B10ED59F9B52} = {DDC81146-DC76-40DC-9D82-3EB305E63E7E}
		{D056F190-12C7-493D-A868-442E80F0089C} = {CED62EAE-87F9-4D50-A3C9-B10ED59F9B52}
		{5B7D86A0-6A05-4770-9C2A-E9833F049757} = {CED62EAE-87F9-4D50-A3C9-B10ED59F9B52}
		{74F57AB1-5BA2-4638-BA26-C7AB0299F866} = {CED62EAE-87F9-4D50-A3C9-B10ED59F9B52}
		{7F6805D7-4886-41A7-833B-E60007DC6F40} = {CED62EAE-87F9-4D50-A3C9-B10ED59F9B52}
		{D582B19E-ADDC-474F-A404-65843BDB621A} = {CED62EAE-87F9-4D50-A3C9-B10ED59F9B52}
		{F9B5DB23-449E-402C-9B80-6C028CA8B073} = {CED62EAE-87F9-4D50-A3C9-B10ED59F9B52}
		{237CAA46-2CA4-4527-88CA-C0CC8C047CA9} = {CED62EAE-87F9-4D50-A3C9-B10ED59F9B52}
		{7600402B-0783-4021-AECB-E87D5EE9BA2D} = {CED62EAE-87F9-4D50-A3C9-B10ED59F9B52}
		{3374F4B0-F993-44BC-A7E4-B1A668BC1EAA} = {CED62EAE-87F9-4D50-A3C9-B10ED59F9B52}
		{525E7C02-B983-4723-8D65-79BDD0FB4D83} = {DDC81146-DC76-40DC-9D82-3EB305E63E7E}
		{4E569165-4B05-40F5-9203-3EDA6641D9C8} = {525E7C02-B983-4723-8D65-79BDD0FB4D83}
		{DBC67BC1-2DA6-411B-876B-FB0BA11CA5F8} = {4E569165-4B05-40F5-9203-3EDA6641D9C8}
		{654FE5E3-7B24-48A6-AAAB-4DC515113DB5} = {4E569165-4B05-40F5-9203-3EDA6641D9C8}
		{02B1A37D-503D-4C9D-8D39-1C4296400A5E} = {4E569165-4B05-40F5-9203-3EDA6641D9C8}
		{6C8A8A27-1725-4D60-A0F4-2CDC2E379554} = {525E7C02-B983-4723-8D65-79BDD0FB4D83}
		{008D3E2A-09DA-4E49-BD68-7337E03762D8} = {6C8A8A27-1725-4D60-A0F4-2CDC2E379554}
		{4E1F4A52-7F97-43E1-AAA6-2EEEE07326E6} = {6C8A8A27-1725-4D60-A0F4-2CDC2E379554}
		{F5685C95-C051-472B-AFCE-607AF4F86DF5} = {6C8A8A27-1725-4D60-A0F4-2CDC2E379554}
	EndGlobalSection
	GlobalSection(ExtensibilityGlobals) = postSolution
		SolutionGuid = {3FFC2578-137D-4678-852A-AD3B445CCB0D}
	EndGlobalSection
EndGlobal
